
Microsoft Visual Studio Solution File, Format Version 12.00
# Visual Studio Version 17
VisualStudioVersion = 17.5.33516.290
MinimumVisualStudioVersion = 10.0.40219.1
Project("{FAE04EC0-301F-11D3-BF4B-00C04F79EFBC}") = "Factory_Method", "Factory_Method\Factory_Method.csproj", "{C9331D98-C90D-442C-B763-877F4ECFD96E}"
EndProject
Project("{FAE04EC0-301F-11D3-BF4B-00C04F79EFBC}") = "Abstract_Factory", "Abstract_Facory\Abstract_Factory.csproj", "{B39D9416-149B-4AFA-8DDC-22BC798E184A}"
EndProject
Project("{FAE04EC0-301F-11D3-BF4B-00C04F79EFBC}") = "Singleton", "Singleton\Singleton.csproj", "{5BAE19A1-AF57-4584-9990-84612287242A}"
EndProject
Project("{FAE04EC0-301F-11D3-BF4B-00C04F79EFBC}") = "Protorype", "Protorype\Protorype.csproj", "{E1F5A636-A093-4602-9251-432A3A6440E4}"
EndProject
Project("{FAE04EC0-301F-11D3-BF4B-00C04F79EFBC}") = "Builder", "Builder\Builder.csproj", "{DEFC17C6-BE4A-4C22-944A-139ABA8EDC23}"
EndProject
Global
	GlobalSection(SolutionConfigurationPlatforms) = preSolution
		Debug|Any CPU = Debug|Any CPU
		Release|Any CPU = Release|Any CPU
	EndGlobalSection
	GlobalSection(ProjectConfigurationPlatforms) = postSolution
		{C9331D98-C90D-442C-B763-877F4ECFD96E}.Debug|Any CPU.ActiveCfg = Debug|Any CPU
		{C9331D98-C90D-442C-B763-877F4ECFD96E}.Debug|Any CPU.Build.0 = Debug|Any CPU
		{C9331D98-C90D-442C-B763-877F4ECFD96E}.Release|Any CPU.ActiveCfg = Release|Any CPU
		{C9331D98-C90D-442C-B763-877F4ECFD96E}.Release|Any CPU.Build.0 = Release|Any CPU
		{B39D9416-149B-4AFA-8DDC-22BC798E184A}.Debug|Any CPU.ActiveCfg = Debug|Any CPU
		{B39D9416-149B-4AFA-8DDC-22BC798E184A}.Debug|Any CPU.Build.0 = Debug|Any CPU
		{B39D9416-149B-4AFA-8DDC-22BC798E184A}.Release|Any CPU.ActiveCfg = Release|Any CPU
		{B39D9416-149B-4AFA-8DDC-22BC798E184A}.Release|Any CPU.Build.0 = Release|Any CPU
		{5BAE19A1-AF57-4584-9990-84612287242A}.Debug|Any CPU.ActiveCfg = Debug|Any CPU
		{5BAE19A1-AF57-4584-9990-84612287242A}.Debug|Any CPU.Build.0 = Debug|Any CPU
		{5BAE19A1-AF57-4584-9990-84612287242A}.Release|Any CPU.ActiveCfg = Release|Any CPU
		{5BAE19A1-AF57-4584-9990-84612287242A}.Release|Any CPU.Build.0 = Release|Any CPU
		{E1F5A636-A093-4602-9251-432A3A6440E4}.Debug|Any CPU.ActiveCfg = Debug|Any CPU
		{E1F5A636-A093-4602-9251-432A3A6440E4}.Debug|Any CPU.Build.0 = Debug|Any CPU
		{E1F5A636-A093-4602-9251-432A3A6440E4}.Release|Any CPU.ActiveCfg = Release|Any CPU
		{E1F5A636-A093-4602-9251-432A3A6440E4}.Release|Any CPU.Build.0 = Release|Any CPU
		{DEFC17C6-BE4A-4C22-944A-139ABA8EDC23}.Debug|Any CPU.ActiveCfg = Debug|Any CPU
		{DEFC17C6-BE4A-4C22-944A-139ABA8EDC23}.Debug|Any CPU.Build.0 = Debug|Any CPU
		{DEFC17C6-BE4A-4C22-944A-139ABA8EDC23}.Release|Any CPU.ActiveCfg = Release|Any CPU
		{DEFC17C6-BE4A-4C22-944A-139ABA8EDC23}.Release|Any CPU.Build.0 = Release|Any CPU
	EndGlobalSection
	GlobalSection(SolutionProperties) = preSolution
		HideSolutionNode = FALSE
	EndGlobalSection
	GlobalSection(ExtensibilityGlobals) = postSolution
		SolutionGuid = {08308612-A6EB-4FBD-9928-B69047780F11}
	EndGlobalSection
EndGlobal
