
Microsoft Visual Studio Solution File, Format Version 12.00
# Visual Studio Version 17
VisualStudioVersion = 17.5.33516.290
MinimumVisualStudioVersion = 10.0.40219.1
Project("{FAE04EC0-301F-11D3-BF4B-00C04F79EFBC}") = "Factory_Method", "Factory_Method\Factory_Method.csproj", "{C9331D98-C90D-442C-B763-877F4ECFD96E}"
EndProject
Project("{FAE04EC0-301F-11D3-BF4B-00C04F79EFBC}") = "Abstract_Factory", "Abstract_Facory\Abstract_Factory.csproj", "{B39D9416-149B-4AFA-8DDC-22BC798E184A}"
EndProject
Project("{FAE04EC0-301F-11D3-BF4B-00C04F79EFBC}") = "Singleton", "Singleton\Singleton.csproj", "{5BAE19A1-AF57-4584-9990-84612287242A}"
EndProject
Project("{FAE04EC0-301F-11D3-BF4B-00C04F79EFBC}") = "Protorype", "Protorype\Protorype.csproj", "{E1F5A636-A093-4602-9251-432A3A6440E4}"
EndProject
Project("{FAE04EC0-301F-11D3-BF4B-00C04F79EFBC}") = "Builder", "Builder\Builder.csproj", "{DEFC17C6-BE4A-4C22-944A-139ABA8EDC23}"
EndProject
Project("{2150E333-8FDC-42A3-9474-1A3956D46DE8}") = "Generative_Patterns", "Generative_Patterns", "{CA9B6C07-EAB5-4D89-ABF6-C041292618E5}"
EndProject
Project("{2150E333-8FDC-42A3-9474-1A3956D46DE8}") = "Behavior_Patterns", "Behavior_Patterns", "{A9255863-D25B-4A42-8577-F768A9D45290}"
EndProject
Project("{FAE04EC0-301F-11D3-BF4B-00C04F79EFBC}") = "Strategy", "Strategy\Strategy.csproj", "{09B6E993-D9D2-4CA5-92B6-05C03F219440}"
EndProject
Project("{FAE04EC0-301F-11D3-BF4B-00C04F79EFBC}") = "Observer", "Observer\Observer.csproj", "{39B33CB2-72B6-4B2D-8BDD-D5A1C1692364}"
EndProject
Project("{FAE04EC0-301F-11D3-BF4B-00C04F79EFBC}") = "Command", "Command\Command.csproj", "{A12AFCD1-D23A-4719-87D5-F63BBAFA561F}"
EndProject
Project("{FAE04EC0-301F-11D3-BF4B-00C04F79EFBC}") = "Template_Method", "Template_Method\Template_Method.csproj", "{23F834EF-4ABC-4101-8375-9519C1F3FC25}"
EndProject
Global
	GlobalSection(SolutionConfigurationPlatforms) = preSolution
		Debug|Any CPU = Debug|Any CPU
		Release|Any CPU = Release|Any CPU
	EndGlobalSection
	GlobalSection(ProjectConfigurationPlatforms) = postSolution
		{C9331D98-C90D-442C-B763-877F4ECFD96E}.Debug|Any CPU.ActiveCfg = Debug|Any CPU
		{C9331D98-C90D-442C-B763-877F4ECFD96E}.Debug|Any CPU.Build.0 = Debug|Any CPU
		{C9331D98-C90D-442C-B763-877F4ECFD96E}.Release|Any CPU.ActiveCfg = Release|Any CPU
		{C9331D98-C90D-442C-B763-877F4ECFD96E}.Release|Any CPU.Build.0 = Release|Any CPU
		{B39D9416-149B-4AFA-8DDC-22BC798E184A}.Debug|Any CPU.ActiveCfg = Debug|Any CPU
		{B39D9416-149B-4AFA-8DDC-22BC798E184A}.Debug|Any CPU.Build.0 = Debug|Any CPU
		{B39D9416-149B-4AFA-8DDC-22BC798E184A}.Release|Any CPU.ActiveCfg = Release|Any CPU
		{B39D9416-149B-4AFA-8DDC-22BC798E184A}.Release|Any CPU.Build.0 = Release|Any CPU
		{5BAE19A1-AF57-4584-9990-84612287242A}.Debug|Any CPU.ActiveCfg = Debug|Any CPU
		{5BAE19A1-AF57-4584-9990-84612287242A}.Debug|Any CPU.Build.0 = Debug|Any CPU
		{5BAE19A1-AF57-4584-9990-84612287242A}.Release|Any CPU.ActiveCfg = Release|Any CPU
		{5BAE19A1-AF57-4584-9990-84612287242A}.Release|Any CPU.Build.0 = Release|Any CPU
		{E1F5A636-A093-4602-9251-432A3A6440E4}.Debug|Any CPU.ActiveCfg = Debug|Any CPU
		{E1F5A636-A093-4602-9251-432A3A6440E4}.Debug|Any CPU.Build.0 = Debug|Any CPU
		{E1F5A636-A093-4602-9251-432A3A6440E4}.Release|Any CPU.ActiveCfg = Release|Any CPU
		{E1F5A636-A093-4602-9251-432A3A6440E4}.Release|Any CPU.Build.0 = Release|Any CPU
		{DEFC17C6-BE4A-4C22-944A-139ABA8EDC23}.Debug|Any CPU.ActiveCfg = Debug|Any CPU
		{DEFC17C6-BE4A-4C22-944A-139ABA8EDC23}.Debug|Any CPU.Build.0 = Debug|Any CPU
		{DEFC17C6-BE4A-4C22-944A-139ABA8EDC23}.Release|Any CPU.ActiveCfg = Release|Any CPU
		{DEFC17C6-BE4A-4C22-944A-139ABA8EDC23}.Release|Any CPU.Build.0 = Release|Any CPU
		{09B6E993-D9D2-4CA5-92B6-05C03F219440}.Debug|Any CPU.ActiveCfg = Debug|Any CPU
		{09B6E993-D9D2-4CA5-92B6-05C03F219440}.Debug|Any CPU.Build.0 = Debug|Any CPU
		{09B6E993-D9D2-4CA5-92B6-05C03F219440}.Release|Any CPU.ActiveCfg = Release|Any CPU
		{09B6E993-D9D2-4CA5-92B6-05C03F219440}.Release|Any CPU.Build.0 = Release|Any CPU
		{39B33CB2-72B6-4B2D-8BDD-D5A1C1692364}.Debug|Any CPU.ActiveCfg = Debug|Any CPU
		{39B33CB2-72B6-4B2D-8BDD-D5A1C1692364}.Debug|Any CPU.Build.0 = Debug|Any CPU
		{39B33CB2-72B6-4B2D-8BDD-D5A1C1692364}.Release|Any CPU.ActiveCfg = Release|Any CPU
		{39B33CB2-72B6-4B2D-8BDD-D5A1C1692364}.Release|Any CPU.Build.0 = Release|Any CPU
		{A12AFCD1-D23A-4719-87D5-F63BBAFA561F}.Debug|Any CPU.ActiveCfg = Debug|Any CPU
		{A12AFCD1-D23A-4719-87D5-F63BBAFA561F}.Debug|Any CPU.Build.0 = Debug|Any CPU
		{A12AFCD1-D23A-4719-87D5-F63BBAFA561F}.Release|Any CPU.ActiveCfg = Release|Any CPU
		{A12AFCD1-D23A-4719-87D5-F63BBAFA561F}.Release|Any CPU.Build.0 = Release|Any CPU
		{23F834EF-4ABC-4101-8375-9519C1F3FC25}.Debug|Any CPU.ActiveCfg = Debug|Any CPU
		{23F834EF-4ABC-4101-8375-9519C1F3FC25}.Debug|Any CPU.Build.0 = Debug|Any CPU
		{23F834EF-4ABC-4101-8375-9519C1F3FC25}.Release|Any CPU.ActiveCfg = Release|Any CPU
		{23F834EF-4ABC-4101-8375-9519C1F3FC25}.Release|Any CPU.Build.0 = Release|Any CPU
	EndGlobalSection
	GlobalSection(SolutionProperties) = preSolution
		HideSolutionNode = FALSE
	EndGlobalSection
	GlobalSection(ExtensibilityGlobals) = postSolution
		SolutionGuid = {08308612-A6EB-4FBD-9928-B69047780F11}
	EndGlobalSection
	GlobalSection(NestedProjects) = preSolution
		{B39D9416-149B-4AFA-8DDC-22BC798E184A} = {CA9B6C07-EAB5-4D89-ABF6-C041292618E5}
		{DEFC17C6-BE4A-4C22-944A-139ABA8EDC23} = {CA9B6C07-EAB5-4D89-ABF6-C041292618E5}
		{C9331D98-C90D-442C-B763-877F4ECFD96E} = {CA9B6C07-EAB5-4D89-ABF6-C041292618E5}
		{E1F5A636-A093-4602-9251-432A3A6440E4} = {CA9B6C07-EAB5-4D89-ABF6-C041292618E5}
		{5BAE19A1-AF57-4584-9990-84612287242A} = {CA9B6C07-EAB5-4D89-ABF6-C041292618E5}
		{09B6E993-D9D2-4CA5-92B6-05C03F219440} = {A9255863-D25B-4A42-8577-F768A9D45290}
		{39B33CB2-72B6-4B2D-8BDD-D5A1C1692364} = {A9255863-D25B-4A42-8577-F768A9D45290}
		{A12AFCD1-D23A-4719-87D5-F63BBAFA561F} = {A9255863-D25B-4A42-8577-F768A9D45290}
		{23F834EF-4ABC-4101-8375-9519C1F3FC25} = {A9255863-D25B-4A42-8577-F768A9D45290}
	EndGlobalSection
EndGlobal
